
Microsoft Visual Studio Solution File, Format Version 12.00
# Visual Studio 15
VisualStudioVersion = 15.0.27703.2047
MinimumVisualStudioVersion = 10.0.40219.1
Project("{9A19103F-16F7-4668-BE54-9A1E7A4F7556}") = "Amonikano", "Amonikano.csproj", "{7F9429B6-74B1-4986-AA9C-9156107A086C}"
EndProject
Global
	GlobalSection(SolutionConfigurationPlatforms) = preSolution
		Build|Any CPU = Build|Any CPU
		Build|x86 = Build|x86
		Debug|Any CPU = Debug|Any CPU
		Debug|x86 = Debug|x86
		Release|Any CPU = Release|Any CPU
		Release|x86 = Release|x86
	EndGlobalSection
	GlobalSection(ProjectConfigurationPlatforms) = postSolution
		{7F9429B6-74B1-4986-AA9C-9156107A086C}.Build|Any CPU.ActiveCfg = Debug|Any CPU
		{7F9429B6-74B1-4986-AA9C-9156107A086C}.Build|Any CPU.Build.0 = Debug|Any CPU
		{7F9429B6-74B1-4986-AA9C-9156107A086C}.Build|x86.ActiveCfg = Build|Any CPU
		{7F9429B6-74B1-4986-AA9C-9156107A086C}.Build|x86.Build.0 = Build|Any CPU
		{7F9429B6-74B1-4986-AA9C-9156107A086C}.Debug|Any CPU.ActiveCfg = Debug|Any CPU
		{7F9429B6-74B1-4986-AA9C-9156107A086C}.Debug|Any CPU.Build.0 = Debug|Any CPU
		{7F9429B6-74B1-4986-AA9C-9156107A086C}.Debug|x86.ActiveCfg = Debug|Any CPU
		{7F9429B6-74B1-4986-AA9C-9156107A086C}.Debug|x86.Build.0 = Debug|Any CPU
		{7F9429B6-74B1-4986-AA9C-9156107A086C}.Release|Any CPU.ActiveCfg = Release|Any CPU
		{7F9429B6-74B1-4986-AA9C-9156107A086C}.Release|Any CPU.Build.0 = Release|Any CPU
		{7F9429B6-74B1-4986-AA9C-9156107A086C}.Release|x86.ActiveCfg = Release|Any CPU
		{7F9429B6-74B1-4986-AA9C-9156107A086C}.Release|x86.Build.0 = Release|Any CPU
	EndGlobalSection
	GlobalSection(SolutionProperties) = preSolution
		HideSolutionNode = FALSE
	EndGlobalSection
	GlobalSection(ExtensibilityGlobals) = postSolution
		SolutionGuid = {14A027DC-65EB-4DE6-A9A1-64E8602644DA}
	EndGlobalSection
EndGlobal
